
Microsoft Visual Studio Solution File, Format Version 12.00
# Visual Studio Version 17
VisualStudioVersion = 17.10.35013.160
MinimumVisualStudioVersion = 10.0.40219.1
Project("{9A19103F-16F7-4668-BE54-9A1E7A4F7556}") = "EmployeeBoard.WebAPI", "EmployeeBoard.WebAPI\EmployeeBoard.WebAPI.csproj", "{EB3F2395-7156-42B9-99B3-01CE608A96F4}"
EndProject
Project("{FAE04EC0-301F-11D3-BF4B-00C04F79EFBC}") = "EmployeeBoard.Services", "EmployeeBoard.Services\EmployeeBoard.Services.csproj", "{8CB7BAA7-26CF-43D1-8D1B-0EC222DEEC15}"
EndProject
Project("{FAE04EC0-301F-11D3-BF4B-00C04F79EFBC}") = "EmployeeBoard.Repositories", "EmployeeBoard.Repositories\EmployeeBoard.Repositories.csproj", "{63FCEB10-DA9C-437C-8916-1F41633365C0}"
EndProject
Project("{FAE04EC0-301F-11D3-BF4B-00C04F79EFBC}") = "EmployeeBoard.DataModel", "EmployeeBoard.DataModel\EmployeeBoard.DataModel.csproj", "{732FA095-81FA-4EF7-87F9-40D01567BDCE}"
EndProject
Project("{FAE04EC0-301F-11D3-BF4B-00C04F79EFBC}") = "EmployeeBoard.DTO", "EmployeeBoard.DTO\EmployeeBoard.DTO.csproj", "{2B55F3AF-9501-4DC1-AEA5-1B173DB4086E}"
EndProject
Global
	GlobalSection(SolutionConfigurationPlatforms) = preSolution
		Debug|Any CPU = Debug|Any CPU
		Release|Any CPU = Release|Any CPU
	EndGlobalSection
	GlobalSection(ProjectConfigurationPlatforms) = postSolution
		{EB3F2395-7156-42B9-99B3-01CE608A96F4}.Debug|Any CPU.ActiveCfg = Debug|Any CPU
		{EB3F2395-7156-42B9-99B3-01CE608A96F4}.Debug|Any CPU.Build.0 = Debug|Any CPU
		{EB3F2395-7156-42B9-99B3-01CE608A96F4}.Release|Any CPU.ActiveCfg = Release|Any CPU
		{EB3F2395-7156-42B9-99B3-01CE608A96F4}.Release|Any CPU.Build.0 = Release|Any CPU
		{8CB7BAA7-26CF-43D1-8D1B-0EC222DEEC15}.Debug|Any CPU.ActiveCfg = Debug|Any CPU
		{8CB7BAA7-26CF-43D1-8D1B-0EC222DEEC15}.Debug|Any CPU.Build.0 = Debug|Any CPU
		{8CB7BAA7-26CF-43D1-8D1B-0EC222DEEC15}.Release|Any CPU.ActiveCfg = Release|Any CPU
		{8CB7BAA7-26CF-43D1-8D1B-0EC222DEEC15}.Release|Any CPU.Build.0 = Release|Any CPU
		{63FCEB10-DA9C-437C-8916-1F41633365C0}.Debug|Any CPU.ActiveCfg = Debug|Any CPU
		{63FCEB10-DA9C-437C-8916-1F41633365C0}.Debug|Any CPU.Build.0 = Debug|Any CPU
		{63FCEB10-DA9C-437C-8916-1F41633365C0}.Release|Any CPU.ActiveCfg = Release|Any CPU
		{63FCEB10-DA9C-437C-8916-1F41633365C0}.Release|Any CPU.Build.0 = Release|Any CPU
		{732FA095-81FA-4EF7-87F9-40D01567BDCE}.Debug|Any CPU.ActiveCfg = Debug|Any CPU
		{732FA095-81FA-4EF7-87F9-40D01567BDCE}.Debug|Any CPU.Build.0 = Debug|Any CPU
		{732FA095-81FA-4EF7-87F9-40D01567BDCE}.Release|Any CPU.ActiveCfg = Release|Any CPU
		{732FA095-81FA-4EF7-87F9-40D01567BDCE}.Release|Any CPU.Build.0 = Release|Any CPU
		{2B55F3AF-9501-4DC1-AEA5-1B173DB4086E}.Debug|Any CPU.ActiveCfg = Debug|Any CPU
		{2B55F3AF-9501-4DC1-AEA5-1B173DB4086E}.Debug|Any CPU.Build.0 = Debug|Any CPU
		{2B55F3AF-9501-4DC1-AEA5-1B173DB4086E}.Release|Any CPU.ActiveCfg = Release|Any CPU
		{2B55F3AF-9501-4DC1-AEA5-1B173DB4086E}.Release|Any CPU.Build.0 = Release|Any CPU
	EndGlobalSection
	GlobalSection(SolutionProperties) = preSolution
		HideSolutionNode = FALSE
	EndGlobalSection
	GlobalSection(ExtensibilityGlobals) = postSolution
		SolutionGuid = {0E9A0BA2-FF6C-4032-90AB-78E3AB74EBAC}
	EndGlobalSection
EndGlobal
